{
  "name": "frontend",
  "lockfileVersion": 3,
  "requires": true,
  "packages": {
    "": {
      "dependencies": {
        "paper": "^0.12.17"
      }
    },
    "node_modules/paper": {
      "version": "0.12.17",
      "resolved": "https://registry.npmjs.org/paper/-/paper-0.12.17.tgz",
      "integrity": "sha512-oCe+e1C2w8hKIcGoAqUjD0GGxGPv+itrRXlEFUmp3H8tY/NTnHOkYgpJFPGw6OJ8Q1Wa6+RgzlY7Dx/2WWHtkA==",
      "engines": {
        "node": ">=8.0.0"
      }
    }
  }
}
